<?xml version="1.0" encoding="utf-8"?>
<Project ToolsVersion="4.0" xmlns="http://schemas.microsoft.com/developer/msbuild/2003">
  <ItemGroup>
    <Filter Include="Source Files">
      <UniqueIdentifier>{4FC737F1-C7A5-4376-A066-2A32D752A2FF}</UniqueIdentifier>
      <Extensions>cpp;c;cc;cxx;def;odl;idl;hpj;bat;asm;asmx</Extensions>
    </Filter>
    <Filter Include="Resource Files">
      <UniqueIdentifier>{67DA6AB6-F800-4c08-8B7A-83BB121AAD01}</UniqueIdentifier>
      <Extensions>rc;ico;cur;bmp;dlg;rc2;rct;bin;rgs;gif;jpg;jpeg;jpe;resx;tiff;tif;png;wav;mfcribbon-ms</Extensions>
    </Filter>
    <Filter Include="Source Files\Other">
      <UniqueIdentifier>{7e2601f4-9488-4212-accf-450ae0f58500}</UniqueIdentifier>
    </Filter>
    <Filter Include="Source Files\Management">
      <UniqueIdentifier>{8bdc84f3-1bf3-4fdd-8f09-9b3d585f78f0}</UniqueIdentifier>
    </Filter>
    <Filter Include="Source Files\States">
      <UniqueIdentifier>{6764575e-df3c-44d1-bef6-faac51e35b66}</UniqueIdentifier>
    </Filter>
    <Filter Include="Source Files\Map">
      <UniqueIdentifier>{2c648827-da81-45a3-82ad-d10b0bd74b59}</UniqueIdentifier>
    </Filter>
    <Filter Include="Source Files\HUD">
      <UniqueIdentifier>{fcc15683-c81f-4b60-9315-749847a83e72}</UniqueIdentifier>
    </Filter>
    <Filter Include="Source Files\Components">
      <UniqueIdentifier>{fb28fefd-e359-4c0a-9b80-95f58e58175a}</UniqueIdentifier>
    </Filter>
    <Filter Include="Source Files\Entities">
      <UniqueIdentifier>{df523fc9-6a65-40d3-a5ab-b530b7979d47}</UniqueIdentifier>
    </Filter>
    <Filter Include="Source Files\Systems">
      <UniqueIdentifier>{66caeea1-29f5-4bb9-afed-24bd3b23e80b}</UniqueIdentifier>
    </Filter>
    <Filter Include="Source Files\Components\Collision">
      <UniqueIdentifier>{971d94e5-458c-4802-9c01-06e70d2ccad2}</UniqueIdentifier>
    </Filter>
    <Filter Include="Source Files\Components\Projectile">
      <UniqueIdentifier>{3f6fb13a-ebc5-4a1b-8f07-8fe52f57c3cd}</UniqueIdentifier>
    </Filter>
  </ItemGroup>
  <ItemGroup>
    <ClInclude Include="targetver.h">
      <Filter>Source Files\Other</Filter>
    </ClInclude>
    <ClInclude Include="stdafx.h">
      <Filter>Source Files\Other</Filter>
    </ClInclude>
    <ClInclude Include="GameManager.hpp">
      <Filter>Source Files\Management</Filter>
    </ClInclude>
    <ClInclude Include="State.hpp">
      <Filter>Source Files\States</Filter>
    </ClInclude>
    <ClInclude Include="Input.hpp">
      <Filter>Source Files\Management</Filter>
    </ClInclude>
    <ClInclude Include="Utilities.hpp">
      <Filter>Source Files\Management</Filter>
    </ClInclude>
    <ClInclude Include="GameplayState.hpp">
      <Filter>Source Files\States</Filter>
    </ClInclude>
    <ClInclude Include="Room.hpp">
      <Filter>Source Files\Map</Filter>
    </ClInclude>
    <ClInclude Include="Map.hpp">
      <Filter>Source Files\Map</Filter>
    </ClInclude>
    <ClInclude Include="HUD.hpp">
      <Filter>Source Files\HUD</Filter>
    </ClInclude>
    <ClInclude Include="Entity.hpp">
      <Filter>Source Files\Entities</Filter>
    </ClInclude>
    <ClInclude Include="System.hpp">
      <Filter>Source Files\Systems</Filter>
    </ClInclude>
    <ClInclude Include="RenderSystem.hpp">
      <Filter>Source Files\Systems</Filter>
    </ClInclude>
    <ClInclude Include="Component.hpp">
      <Filter>Source Files\Components</Filter>
    </ClInclude>
    <ClInclude Include="VelocityCom.hpp">
      <Filter>Source Files\Components</Filter>
    </ClInclude>
    <ClInclude Include="PlayerControlledCom.hpp">
      <Filter>Source Files\Components</Filter>
    </ClInclude>
    <ClInclude Include="InputSystem.hpp">
      <Filter>Source Files\Systems</Filter>
    </ClInclude>
    <ClInclude Include="Assemblages.hpp">
      <Filter>Source Files\Entities</Filter>
    </ClInclude>
    <ClInclude Include="PhysicsSystem.hpp">
      <Filter>Source Files\Systems</Filter>
    </ClInclude>
    <ClInclude Include="PitCollisionCom.hpp">
      <Filter>Source Files\Components\Collision</Filter>
    </ClInclude>
    <ClInclude Include="WallCollisionCom.hpp">
      <Filter>Source Files\Components\Collision</Filter>
    </ClInclude>
    <ClInclude Include="StatsState.hpp">
      <Filter>Source Files\States</Filter>
    </ClInclude>
    <ClInclude Include="PlayerProjectileCom.hpp">
      <Filter>Source Files\Components\Projectile</Filter>
    </ClInclude>
    <ClInclude Include="ProjectileSystem.hpp">
      <Filter>Source Files\Systems</Filter>
    </ClInclude>
    <ClInclude Include="AccelDecelCom.hpp">
      <Filter>Source Files\Components</Filter>
    </ClInclude>
    <ClInclude Include="DamageCom.hpp">
      <Filter>Source Files\Components</Filter>
    </ClInclude>
    <ClInclude Include="HealthCom.hpp">
      <Filter>Source Files\Components</Filter>
    </ClInclude>
  </ItemGroup>
  <ItemGroup>
    <ClCompile Include="main.cpp">
      <Filter>Source Files\Other</Filter>
    </ClCompile>
    <ClCompile Include="stdafx.cpp">
      <Filter>Source Files\Other</Filter>
    </ClCompile>
    <ClCompile Include="GameManager.cpp">
      <Filter>Source Files\Management</Filter>
    </ClCompile>
    <ClCompile Include="State.cpp">
      <Filter>Source Files\States</Filter>
    </ClCompile>
    <ClCompile Include="Input.cpp">
      <Filter>Source Files\Management</Filter>
    </ClCompile>
    <ClCompile Include="Utilities.cpp">
      <Filter>Source Files\Management</Filter>
    </ClCompile>
    <ClCompile Include="GameplayState.cpp">
      <Filter>Source Files\States</Filter>
    </ClCompile>
    <ClCompile Include="Room.cpp">
      <Filter>Source Files\Map</Filter>
    </ClCompile>
    <ClCompile Include="Map.cpp">
      <Filter>Source Files\Map</Filter>
    </ClCompile>
    <ClCompile Include="HUD.cpp">
      <Filter>Source Files\HUD</Filter>
    </ClCompile>
    <ClCompile Include="Entity.cpp">
      <Filter>Source Files\Entities</Filter>
    </ClCompile>
    <ClCompile Include="System.cpp">
      <Filter>Source Files\Systems</Filter>
    </ClCompile>
    <ClCompile Include="RenderSystem.cpp">
      <Filter>Source Files\Systems</Filter>
    </ClCompile>
    <ClCompile Include="Component.cpp">
      <Filter>Source Files\Components</Filter>
    </ClCompile>
    <ClCompile Include="VelocityCom.cpp">
      <Filter>Source Files\Components</Filter>
    </ClCompile>
    <ClCompile Include="PlayerControlledCom.cpp">
      <Filter>Source Files\Components</Filter>
    </ClCompile>
    <ClCompile Include="InputSystem.cpp">
      <Filter>Source Files\Systems</Filter>
    </ClCompile>
    <ClCompile Include="Assemblages.cpp">
      <Filter>Source Files\Entities</Filter>
    </ClCompile>
    <ClCompile Include="PhysicsSystem.cpp">
      <Filter>Source Files\Systems</Filter>
    </ClCompile>
    <ClCompile Include="PitCollisionCom.cpp">
      <Filter>Source Files\Components\Collision</Filter>
    </ClCompile>
    <ClCompile Include="WallCollisionCom.cpp">
      <Filter>Source Files\Components\Collision</Filter>
    </ClCompile>
    <ClCompile Include="StatsState.cpp">
      <Filter>Source Files\States</Filter>
    </ClCompile>
    <ClCompile Include="PlayerProjectileCom.cpp">
      <Filter>Source Files\Components\Projectile</Filter>
    </ClCompile>
    <ClCompile Include="ProjectileSystem.cpp">
      <Filter>Source Files\Systems</Filter>
    </ClCompile>
    <ClCompile Include="AccelDecelCom.cpp">
      <Filter>Source Files\Components</Filter>
    </ClCompile>
    <ClCompile Include="DamageCom.cpp">
      <Filter>Source Files\Components</Filter>
    </ClCompile>
    <ClCompile Include="HealthCom.cpp">
      <Filter>Source Files\Components</Filter>
    </ClCompile>
  </ItemGroup>
  <ItemGroup>
    <Text Include="Notes.txt" />
  </ItemGroup>
</Project>